
Microsoft Visual Studio Solution File, Format Version 12.00
# Visual Studio Version 17
VisualStudioVersion = 17.14.36202.13 d17.14
MinimumVisualStudioVersion = 10.0.40219.1
Project("{FAE04EC0-301F-11D3-BF4B-00C04F79EFBC}") = "Pratik-İlk-uygulamam", "Pratik-İlk-uygulamam\Pratik-İlk-uygulamam.csproj", "{F3E15AFD-1207-4CF6-90FF-6570B3EFC42B}"
EndProject
Global
	GlobalSection(SolutionConfigurationPlatforms) = preSolution
		Debug|Any CPU = Debug|Any CPU
		Release|Any CPU = Release|Any CPU
	EndGlobalSection
	GlobalSection(ProjectConfigurationPlatforms) = postSolution
		{F3E15AFD-1207-4CF6-90FF-6570B3EFC42B}.Debug|Any CPU.ActiveCfg = Debug|Any CPU
		{F3E15AFD-1207-4CF6-90FF-6570B3EFC42B}.Debug|Any CPU.Build.0 = Debug|Any CPU
		{F3E15AFD-1207-4CF6-90FF-6570B3EFC42B}.Release|Any CPU.ActiveCfg = Release|Any CPU
		{F3E15AFD-1207-4CF6-90FF-6570B3EFC42B}.Release|Any CPU.Build.0 = Release|Any CPU
	EndGlobalSection
	GlobalSection(SolutionProperties) = preSolution
		HideSolutionNode = FALSE
	EndGlobalSection
	GlobalSection(ExtensibilityGlobals) = postSolution
		SolutionGuid = {BCC20750-E691-4E6B-96D4-82D5AA68740E}
	EndGlobalSection
EndGlobal
